
Microsoft Visual Studio Solution File, Format Version 12.00
# Visual Studio 15
VisualStudioVersion = 15.0.28307.421
MinimumVisualStudioVersion = 10.0.40219.1
Project("{00D1A9C2-B5F0-4AF3-8072-F6C62B433612}") = "BJL.DVDCentral.DB", "BJL.DVDCentral.DB\BJL.DVDCentral.DB.sqlproj", "{FC02CA11-0E90-485D-A98C-73EA47D26734}"
EndProject
Global
	GlobalSection(SolutionConfigurationPlatforms) = preSolution
		Debug|Any CPU = Debug|Any CPU
		Release|Any CPU = Release|Any CPU
	EndGlobalSection
	GlobalSection(ProjectConfigurationPlatforms) = postSolution
		{FC02CA11-0E90-485D-A98C-73EA47D26734}.Debug|Any CPU.ActiveCfg = Debug|Any CPU
		{FC02CA11-0E90-485D-A98C-73EA47D26734}.Debug|Any CPU.Build.0 = Debug|Any CPU
		{FC02CA11-0E90-485D-A98C-73EA47D26734}.Debug|Any CPU.Deploy.0 = Debug|Any CPU
		{FC02CA11-0E90-485D-A98C-73EA47D26734}.Release|Any CPU.ActiveCfg = Release|Any CPU
		{FC02CA11-0E90-485D-A98C-73EA47D26734}.Release|Any CPU.Build.0 = Release|Any CPU
		{FC02CA11-0E90-485D-A98C-73EA47D26734}.Release|Any CPU.Deploy.0 = Release|Any CPU
	EndGlobalSection
	GlobalSection(SolutionProperties) = preSolution
		HideSolutionNode = FALSE
	EndGlobalSection
	GlobalSection(ExtensibilityGlobals) = postSolution
		SolutionGuid = {180A67D9-0E72-4303-8C1B-98EB0FF41557}
	EndGlobalSection
EndGlobal
